
Microsoft Visual Studio Solution File, Format Version 12.00
# Visual Studio Version 17
Project("{8BC9CEB8-8B4A-11D0-8D11-00A0C91BC942}") = "ALL_BUILD", "ALL_BUILD.vcxproj", "{F78FFF04-C8E8-3D40-9E67-6E75F99D2F77}"
	ProjectSection(ProjectDependencies) = postProject
		{0FE485ED-FFB6-3DB8-ACAC-2A2417067F45} = {0FE485ED-FFB6-3DB8-ACAC-2A2417067F45}
		{7A042396-8D2E-3772-B128-86938CEDF474} = {7A042396-8D2E-3772-B128-86938CEDF474}
	EndProjectSection
EndProject
Project("{8BC9CEB8-8B4A-11D0-8D11-00A0C91BC942}") = "INSTALL", "INSTALL.vcxproj", "{BE1E4229-44BE-3167-BC05-E5EEC9E299BF}"
	ProjectSection(ProjectDependencies) = postProject
		{F78FFF04-C8E8-3D40-9E67-6E75F99D2F77} = {F78FFF04-C8E8-3D40-9E67-6E75F99D2F77}
		{0FE485ED-FFB6-3DB8-ACAC-2A2417067F45} = {0FE485ED-FFB6-3DB8-ACAC-2A2417067F45}
	EndProjectSection
EndProject
Project("{8BC9CEB8-8B4A-11D0-8D11-00A0C91BC942}") = "PACKAGE", "PACKAGE.vcxproj", "{5DB0647C-0499-3B48-AD96-1DE1EF3156F5}"
	ProjectSection(ProjectDependencies) = postProject
		{F78FFF04-C8E8-3D40-9E67-6E75F99D2F77} = {F78FFF04-C8E8-3D40-9E67-6E75F99D2F77}
		{0FE485ED-FFB6-3DB8-ACAC-2A2417067F45} = {0FE485ED-FFB6-3DB8-ACAC-2A2417067F45}
	EndProjectSection
EndProject
Project("{8BC9CEB8-8B4A-11D0-8D11-00A0C91BC942}") = "RUN_TESTS", "RUN_TESTS.vcxproj", "{F996AB35-312E-345B-AF3A-0870D13FFF44}"
	ProjectSection(ProjectDependencies) = postProject
		{0FE485ED-FFB6-3DB8-ACAC-2A2417067F45} = {0FE485ED-FFB6-3DB8-ACAC-2A2417067F45}
	EndProjectSection
EndProject
Project("{8BC9CEB8-8B4A-11D0-8D11-00A0C91BC942}") = "ZERO_CHECK", "..\..\..\\ZERO_CHECK.vcxproj", "{0FE485ED-FFB6-3DB8-ACAC-2A2417067F45}"
	ProjectSection(ProjectDependencies) = postProject
	EndProjectSection
EndProject
Project("{8BC9CEB8-8B4A-11D0-8D11-00A0C91BC942}") = "softhsm_handlemgr", "softhsm_handlemgr.vcxproj", "{7A042396-8D2E-3772-B128-86938CEDF474}"
	ProjectSection(ProjectDependencies) = postProject
		{0FE485ED-FFB6-3DB8-ACAC-2A2417067F45} = {0FE485ED-FFB6-3DB8-ACAC-2A2417067F45}
	EndProjectSection
EndProject
Global
	GlobalSection(SolutionConfigurationPlatforms) = preSolution
		Debug|x64 = Debug|x64
		Release|x64 = Release|x64
		MinSizeRel|x64 = MinSizeRel|x64
		RelWithDebInfo|x64 = RelWithDebInfo|x64
	EndGlobalSection
	GlobalSection(ProjectConfigurationPlatforms) = postSolution
		{F78FFF04-C8E8-3D40-9E67-6E75F99D2F77}.Debug|x64.ActiveCfg = Debug|x64
		{F78FFF04-C8E8-3D40-9E67-6E75F99D2F77}.Debug|x64.Build.0 = Debug|x64
		{F78FFF04-C8E8-3D40-9E67-6E75F99D2F77}.Release|x64.ActiveCfg = Release|x64
		{F78FFF04-C8E8-3D40-9E67-6E75F99D2F77}.Release|x64.Build.0 = Release|x64
		{F78FFF04-C8E8-3D40-9E67-6E75F99D2F77}.MinSizeRel|x64.ActiveCfg = MinSizeRel|x64
		{F78FFF04-C8E8-3D40-9E67-6E75F99D2F77}.MinSizeRel|x64.Build.0 = MinSizeRel|x64
		{F78FFF04-C8E8-3D40-9E67-6E75F99D2F77}.RelWithDebInfo|x64.ActiveCfg = RelWithDebInfo|x64
		{F78FFF04-C8E8-3D40-9E67-6E75F99D2F77}.RelWithDebInfo|x64.Build.0 = RelWithDebInfo|x64
		{BE1E4229-44BE-3167-BC05-E5EEC9E299BF}.Debug|x64.ActiveCfg = Debug|x64
		{BE1E4229-44BE-3167-BC05-E5EEC9E299BF}.Release|x64.ActiveCfg = Release|x64
		{BE1E4229-44BE-3167-BC05-E5EEC9E299BF}.MinSizeRel|x64.ActiveCfg = MinSizeRel|x64
		{BE1E4229-44BE-3167-BC05-E5EEC9E299BF}.RelWithDebInfo|x64.ActiveCfg = RelWithDebInfo|x64
		{5DB0647C-0499-3B48-AD96-1DE1EF3156F5}.Debug|x64.ActiveCfg = Debug|x64
		{5DB0647C-0499-3B48-AD96-1DE1EF3156F5}.Release|x64.ActiveCfg = Release|x64
		{5DB0647C-0499-3B48-AD96-1DE1EF3156F5}.MinSizeRel|x64.ActiveCfg = MinSizeRel|x64
		{5DB0647C-0499-3B48-AD96-1DE1EF3156F5}.RelWithDebInfo|x64.ActiveCfg = RelWithDebInfo|x64
		{F996AB35-312E-345B-AF3A-0870D13FFF44}.Debug|x64.ActiveCfg = Debug|x64
		{F996AB35-312E-345B-AF3A-0870D13FFF44}.Release|x64.ActiveCfg = Release|x64
		{F996AB35-312E-345B-AF3A-0870D13FFF44}.MinSizeRel|x64.ActiveCfg = MinSizeRel|x64
		{F996AB35-312E-345B-AF3A-0870D13FFF44}.RelWithDebInfo|x64.ActiveCfg = RelWithDebInfo|x64
		{0FE485ED-FFB6-3DB8-ACAC-2A2417067F45}.Debug|x64.ActiveCfg = Debug|x64
		{0FE485ED-FFB6-3DB8-ACAC-2A2417067F45}.Debug|x64.Build.0 = Debug|x64
		{0FE485ED-FFB6-3DB8-ACAC-2A2417067F45}.Release|x64.ActiveCfg = Release|x64
		{0FE485ED-FFB6-3DB8-ACAC-2A2417067F45}.Release|x64.Build.0 = Release|x64
		{0FE485ED-FFB6-3DB8-ACAC-2A2417067F45}.MinSizeRel|x64.ActiveCfg = MinSizeRel|x64
		{0FE485ED-FFB6-3DB8-ACAC-2A2417067F45}.MinSizeRel|x64.Build.0 = MinSizeRel|x64
		{0FE485ED-FFB6-3DB8-ACAC-2A2417067F45}.RelWithDebInfo|x64.ActiveCfg = RelWithDebInfo|x64
		{0FE485ED-FFB6-3DB8-ACAC-2A2417067F45}.RelWithDebInfo|x64.Build.0 = RelWithDebInfo|x64
		{7A042396-8D2E-3772-B128-86938CEDF474}.Debug|x64.ActiveCfg = Debug|x64
		{7A042396-8D2E-3772-B128-86938CEDF474}.Debug|x64.Build.0 = Debug|x64
		{7A042396-8D2E-3772-B128-86938CEDF474}.Release|x64.ActiveCfg = Release|x64
		{7A042396-8D2E-3772-B128-86938CEDF474}.Release|x64.Build.0 = Release|x64
		{7A042396-8D2E-3772-B128-86938CEDF474}.MinSizeRel|x64.ActiveCfg = MinSizeRel|x64
		{7A042396-8D2E-3772-B128-86938CEDF474}.MinSizeRel|x64.Build.0 = MinSizeRel|x64
		{7A042396-8D2E-3772-B128-86938CEDF474}.RelWithDebInfo|x64.ActiveCfg = RelWithDebInfo|x64
		{7A042396-8D2E-3772-B128-86938CEDF474}.RelWithDebInfo|x64.Build.0 = RelWithDebInfo|x64
	EndGlobalSection
	GlobalSection(ExtensibilityGlobals) = postSolution
		SolutionGuid = {4EAF6491-B482-30EE-8B0A-DE69FA78A9A6}
	EndGlobalSection
	GlobalSection(ExtensibilityAddIns) = postSolution
	EndGlobalSection
EndGlobal
