<?xml version="1.0" encoding="utf-8"?>
<Project ToolsVersion="17.0" xmlns="http://schemas.microsoft.com/developer/msbuild/2003">
  <ItemGroup>
    <ClCompile Include="C:\Projects\Meira_Symm\SoftHSMv2\src\lib\handle_mgr\HandleManager.cpp">
      <Filter>Source Files</Filter>
    </ClCompile>
    <ClCompile Include="C:\Projects\Meira_Symm\SoftHSMv2\src\lib\handle_mgr\Handle.cpp">
      <Filter>Source Files</Filter>
    </ClCompile>
  </ItemGroup>
  <ItemGroup>
    <CustomBuild Include="C:\Projects\Meira_Symm\SoftHSMv2\src\lib\handle_mgr\CMakeLists.txt" />
  </ItemGroup>
  <ItemGroup>
    <Filter Include="Source Files">
      <UniqueIdentifier>{F0075008-C7F8-351F-8154-78F81C678002}</UniqueIdentifier>
    </Filter>
  </ItemGroup>
</Project>
