
Microsoft Visual Studio Solution File, Format Version 12.00
# Visual Studio Version 17
Project("{8BC9CEB8-8B4A-11D0-8D11-00A0C91BC942}") = "ALL_BUILD", "ALL_BUILD.vcxproj", "{F78FFF04-C8E8-3D40-9E67-6E75F99D2F77}"
	ProjectSection(ProjectDependencies) = postProject
		{3A05CD13-D9A8-36E2-B680-13FD698709BA} = {3A05CD13-D9A8-36E2-B680-13FD698709BA}
		{0FE485ED-FFB6-3DB8-ACAC-2A2417067F45} = {0FE485ED-FFB6-3DB8-ACAC-2A2417067F45}
		{91BDF654-637F-3FD3-B5E4-8C093D8B5BCF} = {91BDF654-637F-3FD3-B5E4-8C093D8B5BCF}
		{A5839E40-F9FA-353C-B126-8CD29AACC1AF} = {A5839E40-F9FA-353C-B126-8CD29AACC1AF}
		{3874E2C8-4EB2-3812-BE39-435EA9C5B3FA} = {3874E2C8-4EB2-3812-BE39-435EA9C5B3FA}
		{8B5DAF63-5E13-36DD-A759-37C6647D9DCC} = {8B5DAF63-5E13-36DD-A759-37C6647D9DCC}
		{396943B7-23F7-3D4D-8781-67C5DB68CCD9} = {396943B7-23F7-3D4D-8781-67C5DB68CCD9}
		{F323D878-91B8-3C64-A96B-BE5EABC736C4} = {F323D878-91B8-3C64-A96B-BE5EABC736C4}
		{68E9C5C4-D981-335E-8621-1D75036318B4} = {68E9C5C4-D981-335E-8621-1D75036318B4}
		{0D73C065-B335-37FA-A884-8272441F18EF} = {0D73C065-B335-37FA-A884-8272441F18EF}
		{7A042396-8D2E-3772-B128-86938CEDF474} = {7A042396-8D2E-3772-B128-86938CEDF474}
		{25B2375B-2564-39E6-94A9-28EE08712642} = {25B2375B-2564-39E6-94A9-28EE08712642}
		{E37FD56F-1C67-396B-BE21-7F4C1835AFBC} = {E37FD56F-1C67-396B-BE21-7F4C1835AFBC}
		{9872BC2D-2946-35B5-BAFE-09BDA50CA4E9} = {9872BC2D-2946-35B5-BAFE-09BDA50CA4E9}
	EndProjectSection
EndProject
Project("{8BC9CEB8-8B4A-11D0-8D11-00A0C91BC942}") = "Encrypt_Decrypt", "src\CLI\Encrypt_Decrypt\Encrypt_Decrypt.vcxproj", "{3A05CD13-D9A8-36E2-B680-13FD698709BA}"
	ProjectSection(ProjectDependencies) = postProject
		{0FE485ED-FFB6-3DB8-ACAC-2A2417067F45} = {0FE485ED-FFB6-3DB8-ACAC-2A2417067F45}
		{8B5DAF63-5E13-36DD-A759-37C6647D9DCC} = {8B5DAF63-5E13-36DD-A759-37C6647D9DCC}
		{F323D878-91B8-3C64-A96B-BE5EABC736C4} = {F323D878-91B8-3C64-A96B-BE5EABC736C4}
		{68E9C5C4-D981-335E-8621-1D75036318B4} = {68E9C5C4-D981-335E-8621-1D75036318B4}
		{0D73C065-B335-37FA-A884-8272441F18EF} = {0D73C065-B335-37FA-A884-8272441F18EF}
		{7A042396-8D2E-3772-B128-86938CEDF474} = {7A042396-8D2E-3772-B128-86938CEDF474}
		{25B2375B-2564-39E6-94A9-28EE08712642} = {25B2375B-2564-39E6-94A9-28EE08712642}
		{E37FD56F-1C67-396B-BE21-7F4C1835AFBC} = {E37FD56F-1C67-396B-BE21-7F4C1835AFBC}
		{9872BC2D-2946-35B5-BAFE-09BDA50CA4E9} = {9872BC2D-2946-35B5-BAFE-09BDA50CA4E9}
	EndProjectSection
EndProject
Project("{8BC9CEB8-8B4A-11D0-8D11-00A0C91BC942}") = "INSTALL", "INSTALL.vcxproj", "{BE1E4229-44BE-3167-BC05-E5EEC9E299BF}"
	ProjectSection(ProjectDependencies) = postProject
		{F78FFF04-C8E8-3D40-9E67-6E75F99D2F77} = {F78FFF04-C8E8-3D40-9E67-6E75F99D2F77}
		{0FE485ED-FFB6-3DB8-ACAC-2A2417067F45} = {0FE485ED-FFB6-3DB8-ACAC-2A2417067F45}
	EndProjectSection
EndProject
Project("{8BC9CEB8-8B4A-11D0-8D11-00A0C91BC942}") = "PACKAGE", "PACKAGE.vcxproj", "{5DB0647C-0499-3B48-AD96-1DE1EF3156F5}"
	ProjectSection(ProjectDependencies) = postProject
		{F78FFF04-C8E8-3D40-9E67-6E75F99D2F77} = {F78FFF04-C8E8-3D40-9E67-6E75F99D2F77}
		{0FE485ED-FFB6-3DB8-ACAC-2A2417067F45} = {0FE485ED-FFB6-3DB8-ACAC-2A2417067F45}
	EndProjectSection
EndProject
Project("{8BC9CEB8-8B4A-11D0-8D11-00A0C91BC942}") = "RUN_TESTS", "RUN_TESTS.vcxproj", "{F996AB35-312E-345B-AF3A-0870D13FFF44}"
	ProjectSection(ProjectDependencies) = postProject
		{0FE485ED-FFB6-3DB8-ACAC-2A2417067F45} = {0FE485ED-FFB6-3DB8-ACAC-2A2417067F45}
	EndProjectSection
EndProject
Project("{8BC9CEB8-8B4A-11D0-8D11-00A0C91BC942}") = "ZERO_CHECK", "ZERO_CHECK.vcxproj", "{0FE485ED-FFB6-3DB8-ACAC-2A2417067F45}"
	ProjectSection(ProjectDependencies) = postProject
	EndProjectSection
EndProject
Project("{8BC9CEB8-8B4A-11D0-8D11-00A0C91BC942}") = "softhsm2", "src\lib\softhsm2.vcxproj", "{91BDF654-637F-3FD3-B5E4-8C093D8B5BCF}"
	ProjectSection(ProjectDependencies) = postProject
		{0FE485ED-FFB6-3DB8-ACAC-2A2417067F45} = {0FE485ED-FFB6-3DB8-ACAC-2A2417067F45}
		{F323D878-91B8-3C64-A96B-BE5EABC736C4} = {F323D878-91B8-3C64-A96B-BE5EABC736C4}
		{68E9C5C4-D981-335E-8621-1D75036318B4} = {68E9C5C4-D981-335E-8621-1D75036318B4}
		{0D73C065-B335-37FA-A884-8272441F18EF} = {0D73C065-B335-37FA-A884-8272441F18EF}
		{7A042396-8D2E-3772-B128-86938CEDF474} = {7A042396-8D2E-3772-B128-86938CEDF474}
		{25B2375B-2564-39E6-94A9-28EE08712642} = {25B2375B-2564-39E6-94A9-28EE08712642}
		{E37FD56F-1C67-396B-BE21-7F4C1835AFBC} = {E37FD56F-1C67-396B-BE21-7F4C1835AFBC}
		{9872BC2D-2946-35B5-BAFE-09BDA50CA4E9} = {9872BC2D-2946-35B5-BAFE-09BDA50CA4E9}
	EndProjectSection
EndProject
Project("{8BC9CEB8-8B4A-11D0-8D11-00A0C91BC942}") = "softhsm2-dump-file", "src\bin\dump\softhsm2-dump-file.vcxproj", "{A5839E40-F9FA-353C-B126-8CD29AACC1AF}"
	ProjectSection(ProjectDependencies) = postProject
		{0FE485ED-FFB6-3DB8-ACAC-2A2417067F45} = {0FE485ED-FFB6-3DB8-ACAC-2A2417067F45}
	EndProjectSection
EndProject
Project("{8BC9CEB8-8B4A-11D0-8D11-00A0C91BC942}") = "softhsm2-keyconv", "src\bin\keyconv\softhsm2-keyconv.vcxproj", "{3874E2C8-4EB2-3812-BE39-435EA9C5B3FA}"
	ProjectSection(ProjectDependencies) = postProject
		{0FE485ED-FFB6-3DB8-ACAC-2A2417067F45} = {0FE485ED-FFB6-3DB8-ACAC-2A2417067F45}
	EndProjectSection
EndProject
Project("{8BC9CEB8-8B4A-11D0-8D11-00A0C91BC942}") = "softhsm2-static", "src\lib\softhsm2-static.vcxproj", "{8B5DAF63-5E13-36DD-A759-37C6647D9DCC}"
	ProjectSection(ProjectDependencies) = postProject
		{0FE485ED-FFB6-3DB8-ACAC-2A2417067F45} = {0FE485ED-FFB6-3DB8-ACAC-2A2417067F45}
		{F323D878-91B8-3C64-A96B-BE5EABC736C4} = {F323D878-91B8-3C64-A96B-BE5EABC736C4}
		{68E9C5C4-D981-335E-8621-1D75036318B4} = {68E9C5C4-D981-335E-8621-1D75036318B4}
		{0D73C065-B335-37FA-A884-8272441F18EF} = {0D73C065-B335-37FA-A884-8272441F18EF}
		{7A042396-8D2E-3772-B128-86938CEDF474} = {7A042396-8D2E-3772-B128-86938CEDF474}
		{25B2375B-2564-39E6-94A9-28EE08712642} = {25B2375B-2564-39E6-94A9-28EE08712642}
		{E37FD56F-1C67-396B-BE21-7F4C1835AFBC} = {E37FD56F-1C67-396B-BE21-7F4C1835AFBC}
		{9872BC2D-2946-35B5-BAFE-09BDA50CA4E9} = {9872BC2D-2946-35B5-BAFE-09BDA50CA4E9}
	EndProjectSection
EndProject
Project("{8BC9CEB8-8B4A-11D0-8D11-00A0C91BC942}") = "softhsm2-util", "src\bin\util\softhsm2-util.vcxproj", "{396943B7-23F7-3D4D-8781-67C5DB68CCD9}"
	ProjectSection(ProjectDependencies) = postProject
		{0FE485ED-FFB6-3DB8-ACAC-2A2417067F45} = {0FE485ED-FFB6-3DB8-ACAC-2A2417067F45}
		{8B5DAF63-5E13-36DD-A759-37C6647D9DCC} = {8B5DAF63-5E13-36DD-A759-37C6647D9DCC}
		{F323D878-91B8-3C64-A96B-BE5EABC736C4} = {F323D878-91B8-3C64-A96B-BE5EABC736C4}
		{68E9C5C4-D981-335E-8621-1D75036318B4} = {68E9C5C4-D981-335E-8621-1D75036318B4}
		{0D73C065-B335-37FA-A884-8272441F18EF} = {0D73C065-B335-37FA-A884-8272441F18EF}
		{7A042396-8D2E-3772-B128-86938CEDF474} = {7A042396-8D2E-3772-B128-86938CEDF474}
		{25B2375B-2564-39E6-94A9-28EE08712642} = {25B2375B-2564-39E6-94A9-28EE08712642}
		{E37FD56F-1C67-396B-BE21-7F4C1835AFBC} = {E37FD56F-1C67-396B-BE21-7F4C1835AFBC}
		{9872BC2D-2946-35B5-BAFE-09BDA50CA4E9} = {9872BC2D-2946-35B5-BAFE-09BDA50CA4E9}
	EndProjectSection
EndProject
Project("{8BC9CEB8-8B4A-11D0-8D11-00A0C91BC942}") = "softhsm_common", "src\lib\common\softhsm_common.vcxproj", "{F323D878-91B8-3C64-A96B-BE5EABC736C4}"
	ProjectSection(ProjectDependencies) = postProject
		{0FE485ED-FFB6-3DB8-ACAC-2A2417067F45} = {0FE485ED-FFB6-3DB8-ACAC-2A2417067F45}
	EndProjectSection
EndProject
Project("{8BC9CEB8-8B4A-11D0-8D11-00A0C91BC942}") = "softhsm_crypto", "src\lib\crypto\softhsm_crypto.vcxproj", "{68E9C5C4-D981-335E-8621-1D75036318B4}"
	ProjectSection(ProjectDependencies) = postProject
		{0FE485ED-FFB6-3DB8-ACAC-2A2417067F45} = {0FE485ED-FFB6-3DB8-ACAC-2A2417067F45}
	EndProjectSection
EndProject
Project("{8BC9CEB8-8B4A-11D0-8D11-00A0C91BC942}") = "softhsm_datamgr", "src\lib\data_mgr\softhsm_datamgr.vcxproj", "{0D73C065-B335-37FA-A884-8272441F18EF}"
	ProjectSection(ProjectDependencies) = postProject
		{0FE485ED-FFB6-3DB8-ACAC-2A2417067F45} = {0FE485ED-FFB6-3DB8-ACAC-2A2417067F45}
	EndProjectSection
EndProject
Project("{8BC9CEB8-8B4A-11D0-8D11-00A0C91BC942}") = "softhsm_handlemgr", "src\lib\handle_mgr\softhsm_handlemgr.vcxproj", "{7A042396-8D2E-3772-B128-86938CEDF474}"
	ProjectSection(ProjectDependencies) = postProject
		{0FE485ED-FFB6-3DB8-ACAC-2A2417067F45} = {0FE485ED-FFB6-3DB8-ACAC-2A2417067F45}
	EndProjectSection
EndProject
Project("{8BC9CEB8-8B4A-11D0-8D11-00A0C91BC942}") = "softhsm_objectstore", "src\lib\object_store\softhsm_objectstore.vcxproj", "{25B2375B-2564-39E6-94A9-28EE08712642}"
	ProjectSection(ProjectDependencies) = postProject
		{0FE485ED-FFB6-3DB8-ACAC-2A2417067F45} = {0FE485ED-FFB6-3DB8-ACAC-2A2417067F45}
	EndProjectSection
EndProject
Project("{8BC9CEB8-8B4A-11D0-8D11-00A0C91BC942}") = "softhsm_sessionmgr", "src\lib\session_mgr\softhsm_sessionmgr.vcxproj", "{E37FD56F-1C67-396B-BE21-7F4C1835AFBC}"
	ProjectSection(ProjectDependencies) = postProject
		{0FE485ED-FFB6-3DB8-ACAC-2A2417067F45} = {0FE485ED-FFB6-3DB8-ACAC-2A2417067F45}
	EndProjectSection
EndProject
Project("{8BC9CEB8-8B4A-11D0-8D11-00A0C91BC942}") = "softhsm_slotmgr", "src\lib\slot_mgr\softhsm_slotmgr.vcxproj", "{9872BC2D-2946-35B5-BAFE-09BDA50CA4E9}"
	ProjectSection(ProjectDependencies) = postProject
		{0FE485ED-FFB6-3DB8-ACAC-2A2417067F45} = {0FE485ED-FFB6-3DB8-ACAC-2A2417067F45}
	EndProjectSection
EndProject
Global
	GlobalSection(SolutionConfigurationPlatforms) = preSolution
		Debug|x64 = Debug|x64
		Release|x64 = Release|x64
		MinSizeRel|x64 = MinSizeRel|x64
		RelWithDebInfo|x64 = RelWithDebInfo|x64
	EndGlobalSection
	GlobalSection(ProjectConfigurationPlatforms) = postSolution
		{F78FFF04-C8E8-3D40-9E67-6E75F99D2F77}.Debug|x64.ActiveCfg = Debug|x64
		{F78FFF04-C8E8-3D40-9E67-6E75F99D2F77}.Debug|x64.Build.0 = Debug|x64
		{F78FFF04-C8E8-3D40-9E67-6E75F99D2F77}.Release|x64.ActiveCfg = Release|x64
		{F78FFF04-C8E8-3D40-9E67-6E75F99D2F77}.Release|x64.Build.0 = Release|x64
		{F78FFF04-C8E8-3D40-9E67-6E75F99D2F77}.MinSizeRel|x64.ActiveCfg = MinSizeRel|x64
		{F78FFF04-C8E8-3D40-9E67-6E75F99D2F77}.MinSizeRel|x64.Build.0 = MinSizeRel|x64
		{F78FFF04-C8E8-3D40-9E67-6E75F99D2F77}.RelWithDebInfo|x64.ActiveCfg = RelWithDebInfo|x64
		{F78FFF04-C8E8-3D40-9E67-6E75F99D2F77}.RelWithDebInfo|x64.Build.0 = RelWithDebInfo|x64
		{3A05CD13-D9A8-36E2-B680-13FD698709BA}.Debug|x64.ActiveCfg = Debug|x64
		{3A05CD13-D9A8-36E2-B680-13FD698709BA}.Debug|x64.Build.0 = Debug|x64
		{3A05CD13-D9A8-36E2-B680-13FD698709BA}.Release|x64.ActiveCfg = Release|x64
		{3A05CD13-D9A8-36E2-B680-13FD698709BA}.Release|x64.Build.0 = Release|x64
		{3A05CD13-D9A8-36E2-B680-13FD698709BA}.MinSizeRel|x64.ActiveCfg = MinSizeRel|x64
		{3A05CD13-D9A8-36E2-B680-13FD698709BA}.MinSizeRel|x64.Build.0 = MinSizeRel|x64
		{3A05CD13-D9A8-36E2-B680-13FD698709BA}.RelWithDebInfo|x64.ActiveCfg = RelWithDebInfo|x64
		{3A05CD13-D9A8-36E2-B680-13FD698709BA}.RelWithDebInfo|x64.Build.0 = RelWithDebInfo|x64
		{BE1E4229-44BE-3167-BC05-E5EEC9E299BF}.Debug|x64.ActiveCfg = Debug|x64
		{BE1E4229-44BE-3167-BC05-E5EEC9E299BF}.Release|x64.ActiveCfg = Release|x64
		{BE1E4229-44BE-3167-BC05-E5EEC9E299BF}.MinSizeRel|x64.ActiveCfg = MinSizeRel|x64
		{BE1E4229-44BE-3167-BC05-E5EEC9E299BF}.RelWithDebInfo|x64.ActiveCfg = RelWithDebInfo|x64
		{5DB0647C-0499-3B48-AD96-1DE1EF3156F5}.Debug|x64.ActiveCfg = Debug|x64
		{5DB0647C-0499-3B48-AD96-1DE1EF3156F5}.Release|x64.ActiveCfg = Release|x64
		{5DB0647C-0499-3B48-AD96-1DE1EF3156F5}.MinSizeRel|x64.ActiveCfg = MinSizeRel|x64
		{5DB0647C-0499-3B48-AD96-1DE1EF3156F5}.RelWithDebInfo|x64.ActiveCfg = RelWithDebInfo|x64
		{F996AB35-312E-345B-AF3A-0870D13FFF44}.Debug|x64.ActiveCfg = Debug|x64
		{F996AB35-312E-345B-AF3A-0870D13FFF44}.Release|x64.ActiveCfg = Release|x64
		{F996AB35-312E-345B-AF3A-0870D13FFF44}.MinSizeRel|x64.ActiveCfg = MinSizeRel|x64
		{F996AB35-312E-345B-AF3A-0870D13FFF44}.RelWithDebInfo|x64.ActiveCfg = RelWithDebInfo|x64
		{0FE485ED-FFB6-3DB8-ACAC-2A2417067F45}.Debug|x64.ActiveCfg = Debug|x64
		{0FE485ED-FFB6-3DB8-ACAC-2A2417067F45}.Debug|x64.Build.0 = Debug|x64
		{0FE485ED-FFB6-3DB8-ACAC-2A2417067F45}.Release|x64.ActiveCfg = Release|x64
		{0FE485ED-FFB6-3DB8-ACAC-2A2417067F45}.Release|x64.Build.0 = Release|x64
		{0FE485ED-FFB6-3DB8-ACAC-2A2417067F45}.MinSizeRel|x64.ActiveCfg = MinSizeRel|x64
		{0FE485ED-FFB6-3DB8-ACAC-2A2417067F45}.MinSizeRel|x64.Build.0 = MinSizeRel|x64
		{0FE485ED-FFB6-3DB8-ACAC-2A2417067F45}.RelWithDebInfo|x64.ActiveCfg = RelWithDebInfo|x64
		{0FE485ED-FFB6-3DB8-ACAC-2A2417067F45}.RelWithDebInfo|x64.Build.0 = RelWithDebInfo|x64
		{91BDF654-637F-3FD3-B5E4-8C093D8B5BCF}.Debug|x64.ActiveCfg = Debug|x64
		{91BDF654-637F-3FD3-B5E4-8C093D8B5BCF}.Debug|x64.Build.0 = Debug|x64
		{91BDF654-637F-3FD3-B5E4-8C093D8B5BCF}.Release|x64.ActiveCfg = Release|x64
		{91BDF654-637F-3FD3-B5E4-8C093D8B5BCF}.Release|x64.Build.0 = Release|x64
		{91BDF654-637F-3FD3-B5E4-8C093D8B5BCF}.MinSizeRel|x64.ActiveCfg = MinSizeRel|x64
		{91BDF654-637F-3FD3-B5E4-8C093D8B5BCF}.MinSizeRel|x64.Build.0 = MinSizeRel|x64
		{91BDF654-637F-3FD3-B5E4-8C093D8B5BCF}.RelWithDebInfo|x64.ActiveCfg = RelWithDebInfo|x64
		{91BDF654-637F-3FD3-B5E4-8C093D8B5BCF}.RelWithDebInfo|x64.Build.0 = RelWithDebInfo|x64
		{A5839E40-F9FA-353C-B126-8CD29AACC1AF}.Debug|x64.ActiveCfg = Debug|x64
		{A5839E40-F9FA-353C-B126-8CD29AACC1AF}.Debug|x64.Build.0 = Debug|x64
		{A5839E40-F9FA-353C-B126-8CD29AACC1AF}.Release|x64.ActiveCfg = Release|x64
		{A5839E40-F9FA-353C-B126-8CD29AACC1AF}.Release|x64.Build.0 = Release|x64
		{A5839E40-F9FA-353C-B126-8CD29AACC1AF}.MinSizeRel|x64.ActiveCfg = MinSizeRel|x64
		{A5839E40-F9FA-353C-B126-8CD29AACC1AF}.MinSizeRel|x64.Build.0 = MinSizeRel|x64
		{A5839E40-F9FA-353C-B126-8CD29AACC1AF}.RelWithDebInfo|x64.ActiveCfg = RelWithDebInfo|x64
		{A5839E40-F9FA-353C-B126-8CD29AACC1AF}.RelWithDebInfo|x64.Build.0 = RelWithDebInfo|x64
		{3874E2C8-4EB2-3812-BE39-435EA9C5B3FA}.Debug|x64.ActiveCfg = Debug|x64
		{3874E2C8-4EB2-3812-BE39-435EA9C5B3FA}.Debug|x64.Build.0 = Debug|x64
		{3874E2C8-4EB2-3812-BE39-435EA9C5B3FA}.Release|x64.ActiveCfg = Release|x64
		{3874E2C8-4EB2-3812-BE39-435EA9C5B3FA}.Release|x64.Build.0 = Release|x64
		{3874E2C8-4EB2-3812-BE39-435EA9C5B3FA}.MinSizeRel|x64.ActiveCfg = MinSizeRel|x64
		{3874E2C8-4EB2-3812-BE39-435EA9C5B3FA}.MinSizeRel|x64.Build.0 = MinSizeRel|x64
		{3874E2C8-4EB2-3812-BE39-435EA9C5B3FA}.RelWithDebInfo|x64.ActiveCfg = RelWithDebInfo|x64
		{3874E2C8-4EB2-3812-BE39-435EA9C5B3FA}.RelWithDebInfo|x64.Build.0 = RelWithDebInfo|x64
		{8B5DAF63-5E13-36DD-A759-37C6647D9DCC}.Debug|x64.ActiveCfg = Debug|x64
		{8B5DAF63-5E13-36DD-A759-37C6647D9DCC}.Debug|x64.Build.0 = Debug|x64
		{8B5DAF63-5E13-36DD-A759-37C6647D9DCC}.Release|x64.ActiveCfg = Release|x64
		{8B5DAF63-5E13-36DD-A759-37C6647D9DCC}.Release|x64.Build.0 = Release|x64
		{8B5DAF63-5E13-36DD-A759-37C6647D9DCC}.MinSizeRel|x64.ActiveCfg = MinSizeRel|x64
		{8B5DAF63-5E13-36DD-A759-37C6647D9DCC}.MinSizeRel|x64.Build.0 = MinSizeRel|x64
		{8B5DAF63-5E13-36DD-A759-37C6647D9DCC}.RelWithDebInfo|x64.ActiveCfg = RelWithDebInfo|x64
		{8B5DAF63-5E13-36DD-A759-37C6647D9DCC}.RelWithDebInfo|x64.Build.0 = RelWithDebInfo|x64
		{396943B7-23F7-3D4D-8781-67C5DB68CCD9}.Debug|x64.ActiveCfg = Debug|x64
		{396943B7-23F7-3D4D-8781-67C5DB68CCD9}.Debug|x64.Build.0 = Debug|x64
		{396943B7-23F7-3D4D-8781-67C5DB68CCD9}.Release|x64.ActiveCfg = Release|x64
		{396943B7-23F7-3D4D-8781-67C5DB68CCD9}.Release|x64.Build.0 = Release|x64
		{396943B7-23F7-3D4D-8781-67C5DB68CCD9}.MinSizeRel|x64.ActiveCfg = MinSizeRel|x64
		{396943B7-23F7-3D4D-8781-67C5DB68CCD9}.MinSizeRel|x64.Build.0 = MinSizeRel|x64
		{396943B7-23F7-3D4D-8781-67C5DB68CCD9}.RelWithDebInfo|x64.ActiveCfg = RelWithDebInfo|x64
		{396943B7-23F7-3D4D-8781-67C5DB68CCD9}.RelWithDebInfo|x64.Build.0 = RelWithDebInfo|x64
		{F323D878-91B8-3C64-A96B-BE5EABC736C4}.Debug|x64.ActiveCfg = Debug|x64
		{F323D878-91B8-3C64-A96B-BE5EABC736C4}.Debug|x64.Build.0 = Debug|x64
		{F323D878-91B8-3C64-A96B-BE5EABC736C4}.Release|x64.ActiveCfg = Release|x64
		{F323D878-91B8-3C64-A96B-BE5EABC736C4}.Release|x64.Build.0 = Release|x64
		{F323D878-91B8-3C64-A96B-BE5EABC736C4}.MinSizeRel|x64.ActiveCfg = MinSizeRel|x64
		{F323D878-91B8-3C64-A96B-BE5EABC736C4}.MinSizeRel|x64.Build.0 = MinSizeRel|x64
		{F323D878-91B8-3C64-A96B-BE5EABC736C4}.RelWithDebInfo|x64.ActiveCfg = RelWithDebInfo|x64
		{F323D878-91B8-3C64-A96B-BE5EABC736C4}.RelWithDebInfo|x64.Build.0 = RelWithDebInfo|x64
		{68E9C5C4-D981-335E-8621-1D75036318B4}.Debug|x64.ActiveCfg = Debug|x64
		{68E9C5C4-D981-335E-8621-1D75036318B4}.Debug|x64.Build.0 = Debug|x64
		{68E9C5C4-D981-335E-8621-1D75036318B4}.Release|x64.ActiveCfg = Release|x64
		{68E9C5C4-D981-335E-8621-1D75036318B4}.Release|x64.Build.0 = Release|x64
		{68E9C5C4-D981-335E-8621-1D75036318B4}.MinSizeRel|x64.ActiveCfg = MinSizeRel|x64
		{68E9C5C4-D981-335E-8621-1D75036318B4}.MinSizeRel|x64.Build.0 = MinSizeRel|x64
		{68E9C5C4-D981-335E-8621-1D75036318B4}.RelWithDebInfo|x64.ActiveCfg = RelWithDebInfo|x64
		{68E9C5C4-D981-335E-8621-1D75036318B4}.RelWithDebInfo|x64.Build.0 = RelWithDebInfo|x64
		{0D73C065-B335-37FA-A884-8272441F18EF}.Debug|x64.ActiveCfg = Debug|x64
		{0D73C065-B335-37FA-A884-8272441F18EF}.Debug|x64.Build.0 = Debug|x64
		{0D73C065-B335-37FA-A884-8272441F18EF}.Release|x64.ActiveCfg = Release|x64
		{0D73C065-B335-37FA-A884-8272441F18EF}.Release|x64.Build.0 = Release|x64
		{0D73C065-B335-37FA-A884-8272441F18EF}.MinSizeRel|x64.ActiveCfg = MinSizeRel|x64
		{0D73C065-B335-37FA-A884-8272441F18EF}.MinSizeRel|x64.Build.0 = MinSizeRel|x64
		{0D73C065-B335-37FA-A884-8272441F18EF}.RelWithDebInfo|x64.ActiveCfg = RelWithDebInfo|x64
		{0D73C065-B335-37FA-A884-8272441F18EF}.RelWithDebInfo|x64.Build.0 = RelWithDebInfo|x64
		{7A042396-8D2E-3772-B128-86938CEDF474}.Debug|x64.ActiveCfg = Debug|x64
		{7A042396-8D2E-3772-B128-86938CEDF474}.Debug|x64.Build.0 = Debug|x64
		{7A042396-8D2E-3772-B128-86938CEDF474}.Release|x64.ActiveCfg = Release|x64
		{7A042396-8D2E-3772-B128-86938CEDF474}.Release|x64.Build.0 = Release|x64
		{7A042396-8D2E-3772-B128-86938CEDF474}.MinSizeRel|x64.ActiveCfg = MinSizeRel|x64
		{7A042396-8D2E-3772-B128-86938CEDF474}.MinSizeRel|x64.Build.0 = MinSizeRel|x64
		{7A042396-8D2E-3772-B128-86938CEDF474}.RelWithDebInfo|x64.ActiveCfg = RelWithDebInfo|x64
		{7A042396-8D2E-3772-B128-86938CEDF474}.RelWithDebInfo|x64.Build.0 = RelWithDebInfo|x64
		{25B2375B-2564-39E6-94A9-28EE08712642}.Debug|x64.ActiveCfg = Debug|x64
		{25B2375B-2564-39E6-94A9-28EE08712642}.Debug|x64.Build.0 = Debug|x64
		{25B2375B-2564-39E6-94A9-28EE08712642}.Release|x64.ActiveCfg = Release|x64
		{25B2375B-2564-39E6-94A9-28EE08712642}.Release|x64.Build.0 = Release|x64
		{25B2375B-2564-39E6-94A9-28EE08712642}.MinSizeRel|x64.ActiveCfg = MinSizeRel|x64
		{25B2375B-2564-39E6-94A9-28EE08712642}.MinSizeRel|x64.Build.0 = MinSizeRel|x64
		{25B2375B-2564-39E6-94A9-28EE08712642}.RelWithDebInfo|x64.ActiveCfg = RelWithDebInfo|x64
		{25B2375B-2564-39E6-94A9-28EE08712642}.RelWithDebInfo|x64.Build.0 = RelWithDebInfo|x64
		{E37FD56F-1C67-396B-BE21-7F4C1835AFBC}.Debug|x64.ActiveCfg = Debug|x64
		{E37FD56F-1C67-396B-BE21-7F4C1835AFBC}.Debug|x64.Build.0 = Debug|x64
		{E37FD56F-1C67-396B-BE21-7F4C1835AFBC}.Release|x64.ActiveCfg = Release|x64
		{E37FD56F-1C67-396B-BE21-7F4C1835AFBC}.Release|x64.Build.0 = Release|x64
		{E37FD56F-1C67-396B-BE21-7F4C1835AFBC}.MinSizeRel|x64.ActiveCfg = MinSizeRel|x64
		{E37FD56F-1C67-396B-BE21-7F4C1835AFBC}.MinSizeRel|x64.Build.0 = MinSizeRel|x64
		{E37FD56F-1C67-396B-BE21-7F4C1835AFBC}.RelWithDebInfo|x64.ActiveCfg = RelWithDebInfo|x64
		{E37FD56F-1C67-396B-BE21-7F4C1835AFBC}.RelWithDebInfo|x64.Build.0 = RelWithDebInfo|x64
		{9872BC2D-2946-35B5-BAFE-09BDA50CA4E9}.Debug|x64.ActiveCfg = Debug|x64
		{9872BC2D-2946-35B5-BAFE-09BDA50CA4E9}.Debug|x64.Build.0 = Debug|x64
		{9872BC2D-2946-35B5-BAFE-09BDA50CA4E9}.Release|x64.ActiveCfg = Release|x64
		{9872BC2D-2946-35B5-BAFE-09BDA50CA4E9}.Release|x64.Build.0 = Release|x64
		{9872BC2D-2946-35B5-BAFE-09BDA50CA4E9}.MinSizeRel|x64.ActiveCfg = MinSizeRel|x64
		{9872BC2D-2946-35B5-BAFE-09BDA50CA4E9}.MinSizeRel|x64.Build.0 = MinSizeRel|x64
		{9872BC2D-2946-35B5-BAFE-09BDA50CA4E9}.RelWithDebInfo|x64.ActiveCfg = RelWithDebInfo|x64
		{9872BC2D-2946-35B5-BAFE-09BDA50CA4E9}.RelWithDebInfo|x64.Build.0 = RelWithDebInfo|x64
	EndGlobalSection
	GlobalSection(ExtensibilityGlobals) = postSolution
		SolutionGuid = {D84F328C-4BB7-3E6F-A02A-226D64B11FB7}
	EndGlobalSection
	GlobalSection(ExtensibilityAddIns) = postSolution
	EndGlobalSection
EndGlobal
