<?xml version="1.0" encoding="utf-8"?>
<Project ToolsVersion="17.0" xmlns="http://schemas.microsoft.com/developer/msbuild/2003">
  <ItemGroup>
    <CustomBuild Include="C:\Projects\SoftHSMv2\bulid\CMakeFiles\acc0e96d2c1945ea5b38dfb697695185\INSTALL_force.rule">
      <Filter>CMake Rules</Filter>
    </CustomBuild>
  </ItemGroup>
  <ItemGroup>
    <Filter Include="CMake Rules">
      <UniqueIdentifier>{3E79BC8A-DB9A-36CC-B246-457E4A200FC0}</UniqueIdentifier>
    </Filter>
  </ItemGroup>
</Project>
