<?xml version="1.0" encoding="utf-8"?>
<Project ToolsVersion="17.0" xmlns="http://schemas.microsoft.com/developer/msbuild/2003">
  <ItemGroup>
    <CustomBuild Include="C:\Projects\Meira_Symm\SoftHSMv2\bulid\CMakeFiles\f1dd9382c82d3bf4bac598ad3ccc5294\INSTALL_force.rule">
      <Filter>CMake Rules</Filter>
    </CustomBuild>
  </ItemGroup>
  <ItemGroup>
    <Filter Include="CMake Rules">
      <UniqueIdentifier>{34DF0EC2-C65D-37F7-BD34-B0466BE1842C}</UniqueIdentifier>
    </Filter>
  </ItemGroup>
</Project>
