<?xml version="1.0" encoding="utf-8"?>
<Project ToolsVersion="17.0" xmlns="http://schemas.microsoft.com/developer/msbuild/2003">
  <ItemGroup>
    <ClCompile Include="C:\Projects\Meira_Symm\SoftHSMv2\src\CLI\Encrypt_Decrypt\main.cpp">
      <Filter>Source Files</Filter>
    </ClCompile>
    <ClCompile Include="C:\Projects\Meira_Symm\SoftHSMv2\src\CLI\Encrypt_Decrypt\Generate_Key.cpp">
      <Filter>Source Files</Filter>
    </ClCompile>
    <ClCompile Include="C:\Projects\Meira_Symm\SoftHSMv2\src\CLI\Encrypt_Decrypt\Encrypt_Decrypt.cpp">
      <Filter>Source Files</Filter>
    </ClCompile>
    <ClCompile Include="C:\Projects\Meira_Symm\SoftHSMv2\src\CLI\Encrypt_Decrypt\Initialization_Finalization.cpp">
      <Filter>Source Files</Filter>
    </ClCompile>
    <ClCompile Include="C:\Projects\Meira_Symm\SoftHSMv2\src\CLI\Encrypt_Decrypt\GlobalInstance.cpp">
      <Filter>Source Files</Filter>
    </ClCompile>
  </ItemGroup>
  <ItemGroup>
    <ClInclude Include="C:\Projects\Meira_Symm\SoftHSMv2\src\CLI\Encrypt_Decrypt\GlobalInstance.h">
      <Filter>Header Files</Filter>
    </ClInclude>
    <ClInclude Include="C:\Projects\Meira_Symm\SoftHSMv2\src\CLI\Encrypt_Decrypt\Generate_Key.h">
      <Filter>Header Files</Filter>
    </ClInclude>
    <ClInclude Include="C:\Projects\Meira_Symm\SoftHSMv2\src\CLI\Encrypt_Decrypt\Initialization_Finalization.h">
      <Filter>Header Files</Filter>
    </ClInclude>
    <ClInclude Include="C:\Projects\Meira_Symm\SoftHSMv2\src\CLI\Encrypt_Decrypt\Encrypt_Decrypt.h">
      <Filter>Header Files</Filter>
    </ClInclude>
  </ItemGroup>
  <ItemGroup>
    <CustomBuild Include="C:\Projects\Meira_Symm\SoftHSMv2\src\CLI\Encrypt_Decrypt\CMakeLists.txt" />
  </ItemGroup>
  <ItemGroup>
    <Filter Include="Header Files">
      <UniqueIdentifier>{AD089FD2-DDBF-31BD-8510-83C1B1FEFFA9}</UniqueIdentifier>
    </Filter>
    <Filter Include="Source Files">
      <UniqueIdentifier>{F0075008-C7F8-351F-8154-78F81C678002}</UniqueIdentifier>
    </Filter>
  </ItemGroup>
</Project>
