<?xml version="1.0" encoding="utf-8"?>
<Project ToolsVersion="17.0" xmlns="http://schemas.microsoft.com/developer/msbuild/2003">
  <ItemGroup>
    <CustomBuild Include="C:\Projects\Meira_Symm\SoftHSMv2\bulid\CMakeFiles\5aa2498f89b619a8294e0a241a6da4d4\RUN_TESTS_force.rule">
      <Filter>CMake Rules</Filter>
    </CustomBuild>
  </ItemGroup>
  <ItemGroup>
    <Filter Include="CMake Rules">
      <UniqueIdentifier>{34DF0EC2-C65D-37F7-BD34-B0466BE1842C}</UniqueIdentifier>
    </Filter>
  </ItemGroup>
</Project>
