<?xml version="1.0" encoding="utf-8"?>
<Project ToolsVersion="17.0" xmlns="http://schemas.microsoft.com/developer/msbuild/2003">
  <ItemGroup>
    <CustomBuild Include="C:\Projects\testing\SoftHSMv2\bulid\CMakeFiles\40d212fc9365c9c53a1ea4ff183d96ed\INSTALL_force.rule">
      <Filter>CMake Rules</Filter>
    </CustomBuild>
  </ItemGroup>
  <ItemGroup>
    <Filter Include="CMake Rules">
      <UniqueIdentifier>{FB960CCA-4E2D-3A40-A754-DBE3713C2ED6}</UniqueIdentifier>
    </Filter>
  </ItemGroup>
</Project>
